{
  "name": "@kmamal/numbers",
  "version": "0.0.1",
  "lockfileVersion": 2,
  "requires": true,
  "packages": {
    "": {
      "name": "@kmamal/numbers",
      "version": "0.0.1",
      "license": "MIT",
      "dependencies": {
        "@kmamal/math": "^0.1.1",
        "@kmamal/util": "^0.1.6"
      }
    },
    "node_modules/@kmamal/math": {
      "version": "0.1.1",
      "resolved": "https://registry.npmjs.org/@kmamal/math/-/math-0.1.1.tgz",
      "integrity": "sha512-ja/j1gMRxTumDBh9ujhTd++IGPSzLu3wJroKLufh7vMzo2bSePDMCVl6dks74JG3GNuxUFdZbXTst5NJqRxPGQ=="
    },
    "node_modules/@kmamal/structs": {
      "version": "0.0.1",
      "resolved": "https://registry.npmjs.org/@kmamal/structs/-/structs-0.0.1.tgz",
      "integrity": "sha512-eXKgICw9nWVmalmYPD5l2uc94SGKpmU99dNlSSvODUevZWNX8rDu001eZVjmtAyWpfCQ8Qw7N1dmNX/s01tewQ=="
    },
    "node_modules/@kmamal/util": {
      "version": "0.1.6",
      "resolved": "https://registry.npmjs.org/@kmamal/util/-/util-0.1.6.tgz",
      "integrity": "sha512-JexgrtXNXbY9Y5xQrMFXhWSy+23H5LhZse+ipo7FYs81PaLu5Da4pMhnAdnFirlHOJaqFgoMAKq0Z9vTZxjucw==",
      "dependencies": {
        "@kmamal/structs": "^0.0.1"
      }
    }
  },
  "dependencies": {
    "@kmamal/math": {
      "version": "0.1.1",
      "resolved": "https://registry.npmjs.org/@kmamal/math/-/math-0.1.1.tgz",
      "integrity": "sha512-ja/j1gMRxTumDBh9ujhTd++IGPSzLu3wJroKLufh7vMzo2bSePDMCVl6dks74JG3GNuxUFdZbXTst5NJqRxPGQ=="
    },
    "@kmamal/structs": {
      "version": "0.0.1",
      "resolved": "https://registry.npmjs.org/@kmamal/structs/-/structs-0.0.1.tgz",
      "integrity": "sha512-eXKgICw9nWVmalmYPD5l2uc94SGKpmU99dNlSSvODUevZWNX8rDu001eZVjmtAyWpfCQ8Qw7N1dmNX/s01tewQ=="
    },
    "@kmamal/util": {
      "version": "0.1.6",
      "resolved": "https://registry.npmjs.org/@kmamal/util/-/util-0.1.6.tgz",
      "integrity": "sha512-JexgrtXNXbY9Y5xQrMFXhWSy+23H5LhZse+ipo7FYs81PaLu5Da4pMhnAdnFirlHOJaqFgoMAKq0Z9vTZxjucw==",
      "requires": {
        "@kmamal/structs": "^0.0.1"
      }
    }
  }
}
